
Microsoft Visual Studio Solution File, Format Version 12.00
# Visual Studio Version 16
VisualStudioVersion = 16.0.33529.622
MinimumVisualStudioVersion = 10.0.40219.1
Project("{FAE04EC0-301F-11D3-BF4B-00C04F79EFBC}") = "PilotTask_MVC", "PilotTask_MVC\PilotTask_MVC.csproj", "{375A201B-C348-4DD5-8352-4A00788414B4}"
EndProject
Global
	GlobalSection(SolutionConfigurationPlatforms) = preSolution
		Debug|Any CPU = Debug|Any CPU
		Release|Any CPU = Release|Any CPU
	EndGlobalSection
	GlobalSection(ProjectConfigurationPlatforms) = postSolution
		{375A201B-C348-4DD5-8352-4A00788414B4}.Debug|Any CPU.ActiveCfg = Debug|Any CPU
		{375A201B-C348-4DD5-8352-4A00788414B4}.Debug|Any CPU.Build.0 = Debug|Any CPU
		{375A201B-C348-4DD5-8352-4A00788414B4}.Release|Any CPU.ActiveCfg = Release|Any CPU
		{375A201B-C348-4DD5-8352-4A00788414B4}.Release|Any CPU.Build.0 = Release|Any CPU
	EndGlobalSection
	GlobalSection(SolutionProperties) = preSolution
		HideSolutionNode = FALSE
	EndGlobalSection
	GlobalSection(ExtensibilityGlobals) = postSolution
		SolutionGuid = {35C7B237-350A-45E4-B82B-8D3B4DED4EE3}
	EndGlobalSection
EndGlobal
